
Microsoft Visual Studio Solution File, Format Version 12.00
# Visual Studio Version 16
VisualStudioVersion = 16.0.29519.87
MinimumVisualStudioVersion = 10.0.40219.1
Project("{FAE04EC0-301F-11D3-BF4B-00C04F79EFBC}") = "AdventOfCode2019", "AdventOfCode2019\AdventOfCode2019.csproj", "{1B5A2F30-73F7-46C3-A034-29DF404D5AB4}"
EndProject
Project("{FAE04EC0-301F-11D3-BF4B-00C04F79EFBC}") = "AdventOfCode2019.Tests", "AdventOfCode2019.Tests\AdventOfCode2019.Tests.csproj", "{EECB53B8-18BC-4315-8DE7-BE624997D5EE}"
EndProject
Global
	GlobalSection(SolutionConfigurationPlatforms) = preSolution
		Debug|Any CPU = Debug|Any CPU
		Release|Any CPU = Release|Any CPU
	EndGlobalSection
	GlobalSection(ProjectConfigurationPlatforms) = postSolution
		{1B5A2F30-73F7-46C3-A034-29DF404D5AB4}.Debug|Any CPU.ActiveCfg = Debug|Any CPU
		{1B5A2F30-73F7-46C3-A034-29DF404D5AB4}.Debug|Any CPU.Build.0 = Debug|Any CPU
		{1B5A2F30-73F7-46C3-A034-29DF404D5AB4}.Release|Any CPU.ActiveCfg = Release|Any CPU
		{1B5A2F30-73F7-46C3-A034-29DF404D5AB4}.Release|Any CPU.Build.0 = Release|Any CPU
		{EECB53B8-18BC-4315-8DE7-BE624997D5EE}.Debug|Any CPU.ActiveCfg = Debug|Any CPU
		{EECB53B8-18BC-4315-8DE7-BE624997D5EE}.Debug|Any CPU.Build.0 = Debug|Any CPU
		{EECB53B8-18BC-4315-8DE7-BE624997D5EE}.Release|Any CPU.ActiveCfg = Release|Any CPU
		{EECB53B8-18BC-4315-8DE7-BE624997D5EE}.Release|Any CPU.Build.0 = Release|Any CPU
	EndGlobalSection
	GlobalSection(SolutionProperties) = preSolution
		HideSolutionNode = FALSE
	EndGlobalSection
	GlobalSection(ExtensibilityGlobals) = postSolution
		SolutionGuid = {11B1A4DD-69B6-4855-9A2D-3BD2C77C0679}
	EndGlobalSection
EndGlobal
